{
  "version": 4,
  "terraform_version": "1.11.0",
  "serial": 54,
  "lineage": "c5eb2199-245e-bd23-5d9a-552784992db8",
  "outputs": {
    "instance_ip": {
      "value": "34.140.211.6",
      "type": "string"
    },
    "instance_name": {
      "value": "vep-benchmark",
      "type": "string"
    },
    "project_id": {
      "value": "vep-benchmark-001",
      "type": "string"
    },
    "ssh_command": {
      "value": "ssh benchmark@34.140.211.6",
      "type": "string"
    }
  },
  "resources": [
    {
      "mode": "managed",
      "type": "ansible_host",
      "name": "vep_benchmark",
      "provider": "provider[\"registry.terraform.io/ansible/ansible\"]",
      "instances": [
        {
          "schema_version": 1,
          "attributes": {
            "groups": [
              "benchmark"
            ],
            "id": "34.140.211.6",
            "name": "34.140.211.6",
            "variables": {
              "value": {
                "ansible_ssh_common_args": "-o StrictHostKeyChecking=no",
                "ansible_ssh_private_key_file": "~/.ssh/id_rsa",
                "ansible_user": "benchmark",
                "local_chr1_vep_dir": "/Users/mwiewior/research/data/vep/chr1-vep",
                "local_ensembl_cache_dir": "/Users/mwiewior/research/data/vep/homo_sapiens/115_GRCh38",
                "local_fasta_path": "/Users/mwiewior/research/data/vep/Homo_sapiens.GRCh38.dna.primary_assembly.fa",
                "local_repo_dir": "/Users/mwiewior/research/git/datafusion-bio-functions",
                "local_vcf_dir": "/Users/mwiewior/research/git/datafusion-bio-functions/vep-benchmark/data"
              },
              "type": [
                "object",
                {
                  "ansible_ssh_common_args": "string",
                  "ansible_ssh_private_key_file": "string",
                  "ansible_user": "string",
                  "local_chr1_vep_dir": "string",
                  "local_ensembl_cache_dir": "string",
                  "local_fasta_path": "string",
                  "local_repo_dir": "string",
                  "local_vcf_dir": "string"
                }
              ]
            }
          },
          "sensitive_attributes": [],
          "dependencies": [
            "google_compute_instance.vep_benchmark",
            "google_project.benchmark",
            "google_project_service.compute"
          ]
        }
      ]
    },
    {
      "mode": "managed",
      "type": "google_compute_firewall",
      "name": "allow_ssh",
      "provider": "provider[\"registry.terraform.io/hashicorp/google\"]",
      "instances": [
        {
          "schema_version": 1,
          "attributes": {
            "allow": [
              {
                "ports": [
                  "22"
                ],
                "protocol": "tcp"
              }
            ],
            "creation_timestamp": "2026-03-18T22:33:42.210-07:00",
            "deny": [],
            "description": "",
            "destination_ranges": [],
            "direction": "INGRESS",
            "disabled": false,
            "enable_logging": null,
            "id": "projects/vep-benchmark-001/global/firewalls/vep-benchmark-allow-ssh",
            "log_config": [],
            "name": "vep-benchmark-allow-ssh",
            "network": "https://www.googleapis.com/compute/v1/projects/vep-benchmark-001/global/networks/default",
            "priority": 1000,
            "project": "vep-benchmark-001",
            "self_link": "https://www.googleapis.com/compute/v1/projects/vep-benchmark-001/global/firewalls/vep-benchmark-allow-ssh",
            "source_ranges": [
              "0.0.0.0/0"
            ],
            "source_service_accounts": [],
            "source_tags": [],
            "target_service_accounts": [],
            "target_tags": [
              "vep-benchmark"
            ],
            "timeouts": null
          },
          "sensitive_attributes": [],
          "private": "eyJlMmJmYjczMC1lY2FhLTExZTYtOGY4OC0zNDM2M2JjN2M0YzAiOnsiY3JlYXRlIjoxMjAwMDAwMDAwMDAwLCJkZWxldGUiOjEyMDAwMDAwMDAwMDAsInVwZGF0ZSI6MTIwMDAwMDAwMDAwMH0sInNjaGVtYV92ZXJzaW9uIjoiMSJ9",
          "dependencies": [
            "google_project.benchmark",
            "google_project_service.compute"
          ]
        }
      ]
    },
    {
      "mode": "managed",
      "type": "google_compute_instance",
      "name": "vep_benchmark",
      "provider": "provider[\"registry.terraform.io/hashicorp/google\"]",
      "instances": [
        {
          "schema_version": 6,
          "attributes": {
            "advanced_machine_features": [],
            "allow_stopping_for_update": null,
            "attached_disk": [],
            "boot_disk": [
              {
                "auto_delete": true,
                "device_name": "persistent-disk-0",
                "disk_encryption_key_raw": "",
                "disk_encryption_key_sha256": "",
                "initialize_params": [
                  {
                    "enable_confidential_compute": false,
                    "image": "https://www.googleapis.com/compute/v1/projects/ubuntu-os-cloud/global/images/ubuntu-2404-noble-amd64-v20260316",
                    "labels": {},
                    "provisioned_iops": 75000,
                    "provisioned_throughput": 2400,
                    "resource_manager_tags": null,
                    "size": 200,
                    "storage_pool": "",
                    "type": "hyperdisk-balanced"
                  }
                ],
                "kms_key_self_link": "",
                "mode": "READ_WRITE",
                "source": "https://www.googleapis.com/compute/v1/projects/vep-benchmark-001/zones/europe-west1-b/disks/vep-benchmark"
              }
            ],
            "can_ip_forward": false,
            "confidential_instance_config": [],
            "cpu_platform": "Intel Sapphire Rapids",
            "current_status": "RUNNING",
            "deletion_protection": false,
            "description": "",
            "desired_status": null,
            "effective_labels": {},
            "enable_display": false,
            "guest_accelerator": [],
            "hostname": "",
            "id": "projects/vep-benchmark-001/zones/europe-west1-b/instances/vep-benchmark",
            "instance_id": "4808879278707313595",
            "label_fingerprint": "42WmSpB8rSM=",
            "labels": null,
            "machine_type": "c3-highmem-8",
            "metadata": {
              "ssh-keys": "benchmark:ssh-rsa AAAAB3NzaC1yc2EAAAADAQABAAABAQDF5drPyaWJ31kBXO0xp0AT9ik9/YcxAl9Rej5zGqGmGO2lKL59i+Nr+og98MqHz4QfvoZ603VSn8//PKmRBrum2bE7N11brKAN1K+zDqXaUZDxbBvQjvn0YLyU9mj3fGm9NuFrOHS7+C6px8SHd3SbjgXcVHkZEmdoxB+hgzuhL4B+LBDB7pZ1zcud80poFKhyWWGqLj+7KtXuOxSXZ6grHlEwXC9kcvGxPwEm0obFv6PH+vNPNm/yB6S4O36f8+ZfwCxiF7pdTSPNGuw4THK0Km5w/sjAJsEioojoSQYykKhMXdDr9PDIcqP6qveeQxqUIT8+Xmvi8W4U6Gy/WSSJ marek@Mareks-MacBook-Pro.local\n"
            },
            "metadata_fingerprint": "OQfaAhnLsKo=",
            "metadata_startup_script": null,
            "min_cpu_platform": "",
            "name": "vep-benchmark",
            "network_interface": [
              {
                "access_config": [
                  {
                    "nat_ip": "34.140.211.6",
                    "network_tier": "PREMIUM",
                    "public_ptr_domain_name": ""
                  }
                ],
                "alias_ip_range": [],
                "internal_ipv6_prefix_length": 0,
                "ipv6_access_config": [],
                "ipv6_access_type": "",
                "ipv6_address": "",
                "name": "nic0",
                "network": "https://www.googleapis.com/compute/v1/projects/vep-benchmark-001/global/networks/default",
                "network_ip": "10.132.0.3",
                "nic_type": "",
                "queue_count": 0,
                "stack_type": "IPV4_ONLY",
                "subnetwork": "https://www.googleapis.com/compute/v1/projects/vep-benchmark-001/regions/europe-west1/subnetworks/default",
                "subnetwork_project": "vep-benchmark-001"
              }
            ],
            "network_performance_config": [],
            "params": [],
            "project": "vep-benchmark-001",
            "reservation_affinity": [],
            "resource_policies": null,
            "scheduling": [
              {
                "automatic_restart": false,
                "instance_termination_action": "STOP",
                "local_ssd_recovery_timeout": [],
                "max_run_duration": [],
                "min_node_cpus": 0,
                "node_affinities": [],
                "on_host_maintenance": "TERMINATE",
                "on_instance_stop_action": [],
                "preemptible": true,
                "provisioning_model": "SPOT"
              }
            ],
            "scratch_disk": [],
            "self_link": "https://www.googleapis.com/compute/v1/projects/vep-benchmark-001/zones/europe-west1-b/instances/vep-benchmark",
            "service_account": [
              {
                "email": "207292667611-compute@developer.gserviceaccount.com",
                "scopes": [
                  "https://www.googleapis.com/auth/cloud-platform"
                ]
              }
            ],
            "shielded_instance_config": [
              {
                "enable_integrity_monitoring": true,
                "enable_secure_boot": false,
                "enable_vtpm": true
              }
            ],
            "tags": [
              "vep-benchmark"
            ],
            "tags_fingerprint": "WxMMIhGXT8Y=",
            "terraform_labels": {},
            "timeouts": null,
            "zone": "europe-west1-b"
          },
          "sensitive_attributes": [
            [
              {
                "type": "get_attr",
                "value": "boot_disk"
              },
              {
                "type": "index",
                "value": {
                  "value": 0,
                  "type": "number"
                }
              },
              {
                "type": "get_attr",
                "value": "disk_encryption_key_raw"
              }
            ]
          ],
          "private": "eyJlMmJmYjczMC1lY2FhLTExZTYtOGY4OC0zNDM2M2JjN2M0YzAiOnsiY3JlYXRlIjoxMjAwMDAwMDAwMDAwLCJkZWxldGUiOjEyMDAwMDAwMDAwMDAsInVwZGF0ZSI6MTIwMDAwMDAwMDAwMH0sInNjaGVtYV92ZXJzaW9uIjoiNiJ9",
          "dependencies": [
            "google_project.benchmark",
            "google_project_service.compute"
          ]
        }
      ]
    },
    {
      "mode": "managed",
      "type": "google_project",
      "name": "benchmark",
      "provider": "provider[\"registry.terraform.io/hashicorp/google\"].bootstrap",
      "instances": [
        {
          "schema_version": 1,
          "attributes": {
            "auto_create_network": true,
            "billing_account": "01DBFC-FF04C7-6A48B6",
            "deletion_policy": "DELETE",
            "effective_labels": {},
            "folder_id": null,
            "id": "projects/vep-benchmark-001",
            "labels": {},
            "name": "VEP Benchmark",
            "number": "207292667611",
            "org_id": null,
            "project_id": "vep-benchmark-001",
            "skip_delete": null,
            "terraform_labels": {},
            "timeouts": null
          },
          "sensitive_attributes": [],
          "private": "eyJlMmJmYjczMC1lY2FhLTExZTYtOGY4OC0zNDM2M2JjN2M0YzAiOnsiY3JlYXRlIjo2MDAwMDAwMDAwMDAsImRlbGV0ZSI6NjAwMDAwMDAwMDAwLCJyZWFkIjo2MDAwMDAwMDAwMDAsInVwZGF0ZSI6NjAwMDAwMDAwMDAwfSwic2NoZW1hX3ZlcnNpb24iOiIxIn0="
        }
      ]
    },
    {
      "mode": "managed",
      "type": "google_project_service",
      "name": "compute",
      "provider": "provider[\"registry.terraform.io/hashicorp/google\"]",
      "instances": [
        {
          "schema_version": 0,
          "attributes": {
            "disable_dependent_services": null,
            "disable_on_destroy": false,
            "id": "vep-benchmark-001/compute.googleapis.com",
            "project": "vep-benchmark-001",
            "service": "compute.googleapis.com",
            "timeouts": null
          },
          "sensitive_attributes": [],
          "private": "eyJlMmJmYjczMC1lY2FhLTExZTYtOGY4OC0zNDM2M2JjN2M0YzAiOnsiY3JlYXRlIjoxMjAwMDAwMDAwMDAwLCJkZWxldGUiOjEyMDAwMDAwMDAwMDAsInJlYWQiOjYwMDAwMDAwMDAwMCwidXBkYXRlIjoxMjAwMDAwMDAwMDAwfX0=",
          "dependencies": [
            "google_project.benchmark"
          ]
        }
      ]
    },
    {
      "mode": "managed",
      "type": "null_resource",
      "name": "wait_for_ssh",
      "provider": "provider[\"registry.terraform.io/hashicorp/null\"]",
      "instances": [
        {
          "schema_version": 0,
          "attributes": {
            "id": "8859993195279637582",
            "triggers": {
              "instance_id": "projects/vep-benchmark-001/zones/europe-west1-b/instances/vep-benchmark"
            }
          },
          "sensitive_attributes": [],
          "dependencies": [
            "google_compute_instance.vep_benchmark",
            "google_project.benchmark",
            "google_project_service.compute"
          ]
        }
      ]
    }
  ],
  "check_results": null
}
